// !$*UTF8*$!
{
	archiveVersion = 1;
	classes = {
	};
	objectVersion = 50;
	objects = {

/* Begin PBXBuildFile section */
		52F8F173231C5C6D005B4F4A /* AppDelegate.swift in Sources */ = {isa = PBXBuildFile; fileRef = 52F8F172231C5C6D005B4F4A /* AppDelegate.swift */; };
		52F8F175231C5C6D005B4F4A /* ViewController.swift in Sources */ = {isa = PBXBuildFile; fileRef = 52F8F174231C5C6D005B4F4A /* ViewController.swift */; };
		52F8F178231C5C6D005B4F4A /* Main.storyboard in Resources */ = {isa = PBXBuildFile; fileRef = 52F8F176231C5C6D005B4F4A /* Main.storyboard */; };
		52F8F17A231C5C70005B4F4A /* Assets.xcassets in Resources */ = {isa = PBXBuildFile; fileRef = 52F8F179231C5C70005B4F4A /* Assets.xcassets */; };
		52F8F17D231C5C70005B4F4A /* LaunchScreen.storyboard in Resources */ = {isa = PBXBuildFile; fileRef = 52F8F17B231C5C70005B4F4A /* LaunchScreen.storyboard */; };
		52F8F188231C5C70005B4F4A /* HabitTrackerTests.swift in Sources */ = {isa = PBXBuildFile; fileRef = 52F8F187231C5C70005B4F4A /* HabitTrackerTests.swift */; };
		52F8F193231C5C70005B4F4A /* HabitTrackerUITests.swift in Sources */ = {isa = PBXBuildFile; fileRef = 52F8F192231C5C70005B4F4A /* HabitTrackerUITests.swift */; };
/* End PBXBuildFile section */

/* Begin PBXContainerItemProxy section */
		52F8F184231C5C70005B4F4A /* PBXContainerItemProxy */ = {
			isa = PBXContainerItemProxy;
			containerPortal = 52F8F167231C5C6D005B4F4A /* Project object */;
			proxyType = 1;
			remoteGlobalIDString = 52F8F16E231C5C6D005B4F4A;
			remoteInfo = HabitTracker;
		};
		52F8F18F231C5C70005B4F4A /* PBXContainerItemProxy */ = {
			isa = PBXContainerItemProxy;
			containerPortal = 52F8F167231C5C6D005B4F4A /* Project object */;
			proxyType = 1;
			remoteGlobalIDString = 52F8F16E231C5C6D005B4F4A;
			remoteInfo = HabitTracker;
		};
/* End PBXContainerItemProxy section */

/* Begin PBXFileReference section */
		52F8F16F231C5C6D005B4F4A /* HabitTracker.app */ = {isa = PBXFileReference; explicitFileType = wrapper.application; includeInIndex = 0; path = HabitTracker.app; sourceTree = BUILT_PRODUCTS_DIR; };
		52F8F172231C5C6D005B4F4A /* AppDelegate.swift */ = {isa = PBXFileReference; lastKnownFileType = sourcecode.swift; path = AppDelegate.swift; sourceTree = "<group>"; };
		52F8F174231C5C6D005B4F4A /* ViewController.swift */ = {isa = PBXFileReference; lastKnownFileType = sourcecode.swift; path = ViewController.swift; sourceTree = "<group>"; };
		52F8F177231C5C6D005B4F4A /* Base */ = {isa = PBXFileReference; lastKnownFileType = file.storyboard; name = Base; path = Base.lproj/Main.storyboard; sourceTree = "<group>"; };
		52F8F179231C5C70005B4F4A /* Assets.xcassets */ = {isa = PBXFileReference; lastKnownFileType = folder.assetcatalog; path = Assets.xcassets; sourceTree = "<group>"; };
		52F8F17C231C5C70005B4F4A /* Base */ = {isa = PBXFileReference; lastKnownFileType = file.storyboard; name = Base; path = Base.lproj/LaunchScreen.storyboard; sourceTree = "<group>"; };
		52F8F17E231C5C70005B4F4A /* Info.plist */ = {isa = PBXFileReference; lastKnownFileType = text.plist.xml; path = Info.plist; sourceTree = "<group>"; };
		52F8F183231C5C70005B4F4A /* HabitTrackerTests.xctest */ = {isa = PBXFileReference; explicitFileType = wrapper.cfbundle; includeInIndex = 0; path = HabitTrackerTests.xctest; sourceTree = BUILT_PRODUCTS_DIR; };
		52F8F187231C5C70005B4F4A /* HabitTrackerTests.swift */ = {isa = PBXFileReference; lastKnownFileType = sourcecode.swift; path = HabitTrackerTests.swift; sourceTree = "<group>"; };
		52F8F189231C5C70005B4F4A /* Info.plist */ = {isa = PBXFileReference; lastKnownFileType = text.plist.xml; path = Info.plist; sourceTree = "<group>"; };
		52F8F18E231C5C70005B4F4A /* HabitTrackerUITests.xctest */ = {isa = PBXFileReference; explicitFileType = wrapper.cfbundle; includeInIndex = 0; path = HabitTrackerUITests.xctest; sourceTree = BUILT_PRODUCTS_DIR; };
		52F8F192231C5C70005B4F4A /* HabitTrackerUITests.swift */ = {isa = PBXFileReference; lastKnownFileType = sourcecode.swift; path = HabitTrackerUITests.swift; sourceTree = "<group>"; };
		52F8F194231C5C70005B4F4A /* Info.plist */ = {isa = PBXFileReference; lastKnownFileType = text.plist.xml; path = Info.plist; sourceTree = "<group>"; };
/* End PBXFileReference section */

/* Begin PBXFrameworksBuildPhase section */
		52F8F16C231C5C6D005B4F4A /* Frameworks */ = {
			isa = PBXFrameworksBuildPhase;
			buildActionMask = 2147483647;
			files = (
			);
			runOnlyForDeploymentPostprocessing = 0;
		};
		52F8F180231C5C70005B4F4A /* Frameworks */ = {
			isa = PBXFrameworksBuildPhase;
			buildActionMask = 2147483647;
			files = (
			);
			runOnlyForDeploymentPostprocessing = 0;
		};
		52F8F18B231C5C70005B4F4A /* Frameworks */ = {
			isa = PBXFrameworksBuildPhase;
			buildActionMask = 2147483647;
			files = (
			);
			runOnlyForDeploymentPostprocessing = 0;
		};
/* End PBXFrameworksBuildPhase section */

/* Begin PBXGroup section */
		52F8F166231C5C6D005B4F4A = {
			isa = PBXGroup;
			children = (
				52F8F171231C5C6D005B4F4A /* HabitTracker */,
				52F8F186231C5C70005B4F4A /* HabitTrackerTests */,
				52F8F191231C5C70005B4F4A /* HabitTrackerUITests */,
				52F8F170231C5C6D005B4F4A /* Products */,
			);
			sourceTree = "<group>";
		};
		52F8F170231C5C6D005B4F4A /* Products */ = {
			isa = PBXGroup;
			children = (
				52F8F16F231C5C6D005B4F4A /* HabitTracker.app */,
				52F8F183231C5C70005B4F4A /* HabitTrackerTests.xctest */,
				52F8F18E231C5C70005B4F4A /* HabitTrackerUITests.xctest */,
			);
			name = Products;
			sourceTree = "<group>";
		};
		52F8F171231C5C6D005B4F4A /* HabitTracker */ = {
			isa = PBXGroup;
			children = (
				52F8F172231C5C6D005B4F4A /* AppDelegate.swift */,
				52F8F174231C5C6D005B4F4A /* ViewController.swift */,
				52F8F176231C5C6D005B4F4A /* Main.storyboard */,
				52F8F179231C5C70005B4F4A /* Assets.xcassets */,
				52F8F17B231C5C70005B4F4A /* LaunchScreen.storyboard */,
				52F8F17E231C5C70005B4F4A /* Info.plist */,
			);
			path = HabitTracker;
			sourceTree = "<group>";
		};
		52F8F186231C5C70005B4F4A /* HabitTrackerTests */ = {
			isa = PBXGroup;
			children = (
				52F8F187231C5C70005B4F4A /* HabitTrackerTests.swift */,
				52F8F189231C5C70005B4F4A /* Info.plist */,
			);
			path = HabitTrackerTests;
			sourceTree = "<group>";
		};
		52F8F191231C5C70005B4F4A /* HabitTrackerUITests */ = {
			isa = PBXGroup;
			children = (
				52F8F192231C5C70005B4F4A /* HabitTrackerUITests.swift */,
				52F8F194231C5C70005B4F4A /* Info.plist */,
			);
			path = HabitTrackerUITests;
			sourceTree = "<group>";
		};
/* End PBXGroup section */

/* Begin PBXNativeTarget section */
		52F8F16E231C5C6D005B4F4A /* HabitTracker */ = {
			isa = PBXNativeTarget;
			buildConfigurationList = 52F8F197231C5C70005B4F4A /* Build configuration list for PBXNativeTarget "HabitTracker" */;
			buildPhases = (
				52F8F16B231C5C6D005B4F4A /* Sources */,
				52F8F16C231C5C6D005B4F4A /* Frameworks */,
				52F8F16D231C5C6D005B4F4A /* Resources */,
			);
			buildRules = (
			);
			dependencies = (
			);
			name = HabitTracker;
			productName = HabitTracker;
			productReference = 52F8F16F231C5C6D005B4F4A /* HabitTracker.app */;
			productType = "com.apple.product-type.application";
		};
		52F8F182231C5C70005B4F4A /* HabitTrackerTests */ = {
			isa = PBXNativeTarget;
			buildConfigurationList = 52F8F19A231C5C70005B4F4A /* Build configuration list for PBXNativeTarget "HabitTrackerTests" */;
			buildPhases = (
				52F8F17F231C5C70005B4F4A /* Sources */,
				52F8F180231C5C70005B4F4A /* Frameworks */,
				52F8F181231C5C70005B4F4A /* Resources */,
			);
			buildRules = (
			);
			dependencies = (
				52F8F185231C5C70005B4F4A /* PBXTargetDependency */,
			);
			name = HabitTrackerTests;
			productName = HabitTrackerTests;
			productReference = 52F8F183231C5C70005B4F4A /* HabitTrackerTests.xctest */;
			productType = "com.apple.product-type.bundle.unit-test";
		};
		52F8F18D231C5C70005B4F4A /* HabitTrackerUITests */ = {
			isa = PBXNativeTarget;
			buildConfigurationList = 52F8F19D231C5C70005B4F4A /* Build configuration list for PBXNativeTarget "HabitTrackerUITests" */;
			buildPhases = (
				52F8F18A231C5C70005B4F4A /* Sources */,
				52F8F18B231C5C70005B4F4A /* Frameworks */,
				52F8F18C231C5C70005B4F4A /* Resources */,
			);
			buildRules = (
			);
			dependencies = (
				52F8F190231C5C70005B4F4A /* PBXTargetDependency */,
			);
			name = HabitTrackerUITests;
			productName = HabitTrackerUITests;
			productReference = 52F8F18E231C5C70005B4F4A /* HabitTrackerUITests.xctest */;
			productType = "com.apple.product-type.bundle.ui-testing";
		};
/* End PBXNativeTarget section */

/* Begin PBXProject section */
		52F8F167231C5C6D005B4F4A /* Project object */ = {
			isa = PBXProject;
			attributes = {
				LastSwiftUpdateCheck = 1010;
				LastUpgradeCheck = 1010;
				ORGANIZATIONNAME = "Jigyasaa Sood";
				TargetAttributes = {
					52F8F16E231C5C6D005B4F4A = {
						CreatedOnToolsVersion = 10.1;
					};
					52F8F182231C5C70005B4F4A = {
						CreatedOnToolsVersion = 10.1;
						TestTargetID = 52F8F16E231C5C6D005B4F4A;
					};
					52F8F18D231C5C70005B4F4A = {
						CreatedOnToolsVersion = 10.1;
						TestTargetID = 52F8F16E231C5C6D005B4F4A;
					};
				};
			};
			buildConfigurationList = 52F8F16A231C5C6D005B4F4A /* Build configuration list for PBXProject "HabitTracker" */;
			compatibilityVersion = "Xcode 9.3";
			developmentRegion = en;
			hasScannedForEncodings = 0;
			knownRegions = (
				en,
				Base,
			);
			mainGroup = 52F8F166231C5C6D005B4F4A;
			productRefGroup = 52F8F170231C5C6D005B4F4A /* Products */;
			projectDirPath = "";
			projectRoot = "";
			targets = (
				52F8F16E231C5C6D005B4F4A /* HabitTracker */,
				52F8F182231C5C70005B4F4A /* HabitTrackerTests */,
				52F8F18D231C5C70005B4F4A /* HabitTrackerUITests */,
			);
		};
/* End PBXProject section */

/* Begin PBXResourcesBuildPhase section */
		52F8F16D231C5C6D005B4F4A /* Resources */ = {
			isa = PBXResourcesBuildPhase;
			buildActionMask = 2147483647;
			files = (
				52F8F17D231C5C70005B4F4A /* LaunchScreen.storyboard in Resources */,
				52F8F17A231C5C70005B4F4A /* Assets.xcassets in Resources */,
				52F8F178231C5C6D005B4F4A /* Main.storyboard in Resources */,
			);
			runOnlyForDeploymentPostprocessing = 0;
		};
		52F8F181231C5C70005B4F4A /* Resources */ = {
			isa = PBXResourcesBuildPhase;
			buildActionMask = 2147483647;
			files = (
			);
			runOnlyForDeploymentPostprocessing = 0;
		};
		52F8F18C231C5C70005B4F4A /* Resources */ = {
			isa = PBXResourcesBuildPhase;
			buildActionMask = 2147483647;
			files = (
			);
			runOnlyForDeploymentPostprocessing = 0;
		};
/* End PBXResourcesBuildPhase section */

/* Begin PBXSourcesBuildPhase section */
		52F8F16B231C5C6D005B4F4A /* Sources */ = {
			isa = PBXSourcesBuildPhase;
			buildActionMask = 2147483647;
			files = (
				52F8F175231C5C6D005B4F4A /* ViewController.swift in Sources */,
				52F8F173231C5C6D005B4F4A /* AppDelegate.swift in Sources */,
			);
			runOnlyForDeploymentPostprocessing = 0;
		};
		52F8F17F231C5C70005B4F4A /* Sources */ = {
			isa = PBXSourcesBuildPhase;
			buildActionMask = 2147483647;
			files = (
				52F8F188231C5C70005B4F4A /* HabitTrackerTests.swift in Sources */,
			);
			runOnlyForDeploymentPostprocessing = 0;
		};
		52F8F18A231C5C70005B4F4A /* Sources */ = {
			isa = PBXSourcesBuildPhase;
			buildActionMask = 2147483647;
			files = (
				52F8F193231C5C70005B4F4A /* HabitTrackerUITests.swift in Sources */,
			);
			runOnlyForDeploymentPostprocessing = 0;
		};
/* End PBXSourcesBuildPhase section */

/* Begin PBXTargetDependency section */
		52F8F185231C5C70005B4F4A /* PBXTargetDependency */ = {
			isa = PBXTargetDependency;
			target = 52F8F16E231C5C6D005B4F4A /* HabitTracker */;
			targetProxy = 52F8F184231C5C70005B4F4A /* PBXContainerItemProxy */;
		};
		52F8F190231C5C70005B4F4A /* PBXTargetDependency */ = {
			isa = PBXTargetDependency;
			target = 52F8F16E231C5C6D005B4F4A /* HabitTracker */;
			targetProxy = 52F8F18F231C5C70005B4F4A /* PBXContainerItemProxy */;
		};
/* End PBXTargetDependency section */

/* Begin PBXVariantGroup section */
		52F8F176231C5C6D005B4F4A /* Main.storyboard */ = {
			isa = PBXVariantGroup;
			children = (
				52F8F177231C5C6D005B4F4A /* Base */,
			);
			name = Main.storyboard;
			sourceTree = "<group>";
		};
		52F8F17B231C5C70005B4F4A /* LaunchScreen.storyboard */ = {
			isa = PBXVariantGroup;
			children = (
				52F8F17C231C5C70005B4F4A /* Base */,
			);
			name = LaunchScreen.storyboard;
			sourceTree = "<group>";
		};
/* End PBXVariantGroup section */

/* Begin XCBuildConfiguration section */
		52F8F195231C5C70005B4F4A /* Debug */ = {
			isa = XCBuildConfiguration;
			buildSettings = {
				ALWAYS_SEARCH_USER_PATHS = NO;
				CLANG_ANALYZER_NONNULL = YES;
				CLANG_ANALYZER_NUMBER_OBJECT_CONVERSION = YES_AGGRESSIVE;
				CLANG_CXX_LANGUAGE_STANDARD = "gnu++14";
				CLANG_CXX_LIBRARY = "libc++";
				CLANG_ENABLE_MODULES = YES;
				CLANG_ENABLE_OBJC_ARC = YES;
				CLANG_ENABLE_OBJC_WEAK = YES;
				CLANG_WARN_BLOCK_CAPTURE_AUTORELEASING = YES;
				CLANG_WARN_BOOL_CONVERSION = YES;
				CLANG_WARN_COMMA = YES;
				CLANG_WARN_CONSTANT_CONVERSION = YES;
				CLANG_WARN_DEPRECATED_OBJC_IMPLEMENTATIONS = YES;
				CLANG_WARN_DIRECT_OBJC_ISA_USAGE = YES_ERROR;
				CLANG_WARN_DOCUMENTATION_COMMENTS = YES;
				CLANG_WARN_EMPTY_BODY = YES;
				CLANG_WARN_ENUM_CONVERSION = YES;
				CLANG_WARN_INFINITE_RECURSION = YES;
				CLANG_WARN_INT_CONVERSION = YES;
				CLANG_WARN_NON_LITERAL_NULL_CONVERSION = YES;
				CLANG_WARN_OBJC_IMPLICIT_RETAIN_SELF = YES;
				CLANG_WARN_OBJC_LITERAL_CONVERSION = YES;
				CLANG_WARN_OBJC_ROOT_CLASS = YES_ERROR;
				CLANG_WARN_RANGE_LOOP_ANALYSIS = YES;
				CLANG_WARN_STRICT_PROTOTYPES = YES;
				CLANG_WARN_SUSPICIOUS_MOVE = YES;
				CLANG_WARN_UNGUARDED_AVAILABILITY = YES_AGGRESSIVE;
				CLANG_WARN_UNREACHABLE_CODE = YES;
				CLANG_WARN__DUPLICATE_METHOD_MATCH = YES;
				CODE_SIGN_IDENTITY = "iPhone Developer";
				COPY_PHASE_STRIP = NO;
				DEBUG_INFORMATION_FORMAT = dwarf;
				ENABLE_STRICT_OBJC_MSGSEND = YES;
				ENABLE_TESTABILITY = YES;
				GCC_C_LANGUAGE_STANDARD = gnu11;
				GCC_DYNAMIC_NO_PIC = NO;
				GCC_NO_COMMON_BLOCKS = YES;
				GCC_OPTIMIZATION_LEVEL = 0;
				GCC_PREPROCESSOR_DEFINITIONS = (
					"DEBUG=1",
					"$(inherited)",
				);
				GCC_WARN_64_TO_32_BIT_CONVERSION = YES;
				GCC_WARN_ABOUT_RETURN_TYPE = YES_ERROR;
				GCC_WARN_UNDECLARED_SELECTOR = YES;
				GCC_WARN_UNINITIALIZED_AUTOS = YES_AGGRESSIVE;
				GCC_WARN_UNUSED_FUNCTION = YES;
				GCC_WARN_UNUSED_VARIABLE = YES;
				IPHONEOS_DEPLOYMENT_TARGET = 12.1;
				MTL_ENABLE_DEBUG_INFO = INCLUDE_SOURCE;
				MTL_FAST_MATH = YES;
				ONLY_ACTIVE_ARCH = YES;
				SDKROOT = iphoneos;
				SWIFT_ACTIVE_COMPILATION_CONDITIONS = DEBUG;
				SWIFT_OPTIMIZATION_LEVEL = "-Onone";
			};
			name = Debug;
		};
		52F8F196231C5C70005B4F4A /* Release */ = {
			isa = XCBuildConfiguration;
			buildSettings = {
				ALWAYS_SEARCH_USER_PATHS = NO;
				CLANG_ANALYZER_NONNULL = YES;
				CLANG_ANALYZER_NUMBER_OBJECT_CONVERSION = YES_AGGRESSIVE;
				CLANG_CXX_LANGUAGE_STANDARD = "gnu++14";
				CLANG_CXX_LIBRARY = "libc++";
				CLANG_ENABLE_MODULES = YES;
				CLANG_ENABLE_OBJC_ARC = YES;
				CLANG_ENABLE_OBJC_WEAK = YES;
				CLANG_WARN_BLOCK_CAPTURE_AUTORELEASING = YES;
				CLANG_WARN_BOOL_CONVERSION = YES;
				CLANG_WARN_COMMA = YES;
				CLANG_WARN_CONSTANT_CONVERSION = YES;
				CLANG_WARN_DEPRECATED_OBJC_IMPLEMENTATIONS = YES;
				CLANG_WARN_DIRECT_OBJC_ISA_USAGE = YES_ERROR;
				CLANG_WARN_DOCUMENTATION_COMMENTS = YES;
				CLANG_WARN_EMPTY_BODY = YES;
				CLANG_WARN_ENUM_CONVERSION = YES;
				CLANG_WARN_INFINITE_RECURSION = YES;
				CLANG_WARN_INT_CONVERSION = YES;
				CLANG_WARN_NON_LITERAL_NULL_CONVERSION = YES;
				CLANG_WARN_OBJC_IMPLICIT_RETAIN_SELF = YES;
				CLANG_WARN_OBJC_LITERAL_CONVERSION = YES;
				CLANG_WARN_OBJC_ROOT_CLASS = YES_ERROR;
				CLANG_WARN_RANGE_LOOP_ANALYSIS = YES;
				CLANG_WARN_STRICT_PROTOTYPES = YES;
				CLANG_WARN_SUSPICIOUS_MOVE = YES;
				CLANG_WARN_UNGUARDED_AVAILABILITY = YES_AGGRESSIVE;
				CLANG_WARN_UNREACHABLE_CODE = YES;
				CLANG_WARN__DUPLICATE_METHOD_MATCH = YES;
				CODE_SIGN_IDENTITY = "iPhone Developer";
				COPY_PHASE_STRIP = NO;
				DEBUG_INFORMATION_FORMAT = "dwarf-with-dsym";
				ENABLE_NS_ASSERTIONS = NO;
				ENABLE_STRICT_OBJC_MSGSEND = YES;
				GCC_C_LANGUAGE_STANDARD = gnu11;
				GCC_NO_COMMON_BLOCKS = YES;
				GCC_WARN_64_TO_32_BIT_CONVERSION = YES;
				GCC_WARN_ABOUT_RETURN_TYPE = YES_ERROR;
				GCC_WARN_UNDECLARED_SELECTOR = YES;
				GCC_WARN_UNINITIALIZED_AUTOS = YES_AGGRESSIVE;
				GCC_WARN_UNUSED_FUNCTION = YES;
				GCC_WARN_UNUSED_VARIABLE = YES;
				IPHONEOS_DEPLOYMENT_TARGET = 12.1;
				MTL_ENABLE_DEBUG_INFO = NO;
				MTL_FAST_MATH = YES;
				SDKROOT = iphoneos;
				SWIFT_COMPILATION_MODE = wholemodule;
				SWIFT_OPTIMIZATION_LEVEL = "-O";
				VALIDATE_PRODUCT = YES;
			};
			name = Release;
		};
		52F8F198231C5C70005B4F4A /* Debug */ = {
			isa = XCBuildConfiguration;
			buildSettings = {
				ASSETCATALOG_COMPILER_APPICON_NAME = AppIcon;
				CODE_SIGN_STYLE = Automatic;
				INFOPLIST_FILE = HabitTracker/Info.plist;
				LD_RUNPATH_SEARCH_PATHS = (
					"$(inherited)",
					"@executable_path/Frameworks",
				);
				PRODUCT_BUNDLE_IDENTIFIER = com.jigyasaasood.HabitTracker;
				PRODUCT_NAME = "$(TARGET_NAME)";
				SWIFT_VERSION = 4.2;
				TARGETED_DEVICE_FAMILY = "1,2";
			};
			name = Debug;
		};
		52F8F199231C5C70005B4F4A /* Release */ = {
			isa = XCBuildConfiguration;
			buildSettings = {
				ASSETCATALOG_COMPILER_APPICON_NAME = AppIcon;
				CODE_SIGN_STYLE = Automatic;
				INFOPLIST_FILE = HabitTracker/Info.plist;
				LD_RUNPATH_SEARCH_PATHS = (
					"$(inherited)",
					"@executable_path/Frameworks",
				);
				PRODUCT_BUNDLE_IDENTIFIER = com.jigyasaasood.HabitTracker;
				PRODUCT_NAME = "$(TARGET_NAME)";
				SWIFT_VERSION = 4.2;
				TARGETED_DEVICE_FAMILY = "1,2";
			};
			name = Release;
		};
		52F8F19B231C5C70005B4F4A /* Debug */ = {
			isa = XCBuildConfiguration;
			buildSettings = {
				ALWAYS_EMBED_SWIFT_STANDARD_LIBRARIES = YES;
				BUNDLE_LOADER = "$(TEST_HOST)";
				CODE_SIGN_STYLE = Automatic;
				INFOPLIST_FILE = HabitTrackerTests/Info.plist;
				LD_RUNPATH_SEARCH_PATHS = (
					"$(inherited)",
					"@executable_path/Frameworks",
					"@loader_path/Frameworks",
				);
				PRODUCT_BUNDLE_IDENTIFIER = com.jigyasaasood.HabitTrackerTests;
				PRODUCT_NAME = "$(TARGET_NAME)";
				SWIFT_VERSION = 4.2;
				TARGETED_DEVICE_FAMILY = "1,2";
				TEST_HOST = "$(BUILT_PRODUCTS_DIR)/HabitTracker.app/HabitTracker";
			};
			name = Debug;
		};
		52F8F19C231C5C70005B4F4A /* Release */ = {
			isa = XCBuildConfiguration;
			buildSettings = {
				ALWAYS_EMBED_SWIFT_STANDARD_LIBRARIES = YES;
				BUNDLE_LOADER = "$(TEST_HOST)";
				CODE_SIGN_STYLE = Automatic;
				INFOPLIST_FILE = HabitTrackerTests/Info.plist;
				LD_RUNPATH_SEARCH_PATHS = (
					"$(inherited)",
					"@executable_path/Frameworks",
					"@loader_path/Frameworks",
				);
				PRODUCT_BUNDLE_IDENTIFIER = com.jigyasaasood.HabitTrackerTests;
				PRODUCT_NAME = "$(TARGET_NAME)";
				SWIFT_VERSION = 4.2;
				TARGETED_DEVICE_FAMILY = "1,2";
				TEST_HOST = "$(BUILT_PRODUCTS_DIR)/HabitTracker.app/HabitTracker";
			};
			name = Release;
		};
		52F8F19E231C5C70005B4F4A /* Debug */ = {
			isa = XCBuildConfiguration;
			buildSettings = {
				ALWAYS_EMBED_SWIFT_STANDARD_LIBRARIES = YES;
				CODE_SIGN_STYLE = Automatic;
				INFOPLIST_FILE = HabitTrackerUITests/Info.plist;
				LD_RUNPATH_SEARCH_PATHS = (
					"$(inherited)",
					"@executable_path/Frameworks",
					"@loader_path/Frameworks",
				);
				PRODUCT_BUNDLE_IDENTIFIER = com.jigyasaasood.HabitTrackerUITests;
				PRODUCT_NAME = "$(TARGET_NAME)";
				SWIFT_VERSION = 4.2;
				TARGETED_DEVICE_FAMILY = "1,2";
				TEST_TARGET_NAME = HabitTracker;
			};
			name = Debug;
		};
		52F8F19F231C5C70005B4F4A /* Release */ = {
			isa = XCBuildConfiguration;
			buildSettings = {
				ALWAYS_EMBED_SWIFT_STANDARD_LIBRARIES = YES;
				CODE_SIGN_STYLE = Automatic;
				INFOPLIST_FILE = HabitTrackerUITests/Info.plist;
				LD_RUNPATH_SEARCH_PATHS = (
					"$(inherited)",
					"@executable_path/Frameworks",
					"@loader_path/Frameworks",
				);
				PRODUCT_BUNDLE_IDENTIFIER = com.jigyasaasood.HabitTrackerUITests;
				PRODUCT_NAME = "$(TARGET_NAME)";
				SWIFT_VERSION = 4.2;
				TARGETED_DEVICE_FAMILY = "1,2";
				TEST_TARGET_NAME = HabitTracker;
			};
			name = Release;
		};
/* End XCBuildConfiguration section */

/* Begin XCConfigurationList section */
		52F8F16A231C5C6D005B4F4A /* Build configuration list for PBXProject "HabitTracker" */ = {
			isa = XCConfigurationList;
			buildConfigurations = (
				52F8F195231C5C70005B4F4A /* Debug */,
				52F8F196231C5C70005B4F4A /* Release */,
			);
			defaultConfigurationIsVisible = 0;
			defaultConfigurationName = Release;
		};
		52F8F197231C5C70005B4F4A /* Build configuration list for PBXNativeTarget "HabitTracker" */ = {
			isa = XCConfigurationList;
			buildConfigurations = (
				52F8F198231C5C70005B4F4A /* Debug */,
				52F8F199231C5C70005B4F4A /* Release */,
			);
			defaultConfigurationIsVisible = 0;
			defaultConfigurationName = Release;
		};
		52F8F19A231C5C70005B4F4A /* Build configuration list for PBXNativeTarget "HabitTrackerTests" */ = {
			isa = XCConfigurationList;
			buildConfigurations = (
				52F8F19B231C5C70005B4F4A /* Debug */,
				52F8F19C231C5C70005B4F4A /* Release */,
			);
			defaultConfigurationIsVisible = 0;
			defaultConfigurationName = Release;
		};
		52F8F19D231C5C70005B4F4A /* Build configuration list for PBXNativeTarget "HabitTrackerUITests" */ = {
			isa = XCConfigurationList;
			buildConfigurations = (
				52F8F19E231C5C70005B4F4A /* Debug */,
				52F8F19F231C5C70005B4F4A /* Release */,
			);
			defaultConfigurationIsVisible = 0;
			defaultConfigurationName = Release;
		};
/* End XCConfigurationList section */
	};
	rootObject = 52F8F167231C5C6D005B4F4A /* Project object */;
}
